
Microsoft Visual Studio Solution File, Format Version 12.00
# Visual Studio Version 16
VisualStudioVersion = 16.0.32228.343
MinimumVisualStudioVersion = 10.0.40219.1
Project("{FAE04EC0-301F-11D3-BF4B-00C04F79EFBC}") = "UsingStreamDeEntrance", "UsingStreamDeEntrance.csproj", "{F014603F-566C-4B54-BB55-5366C6CDEEC6}"
EndProject
Global
	GlobalSection(SolutionConfigurationPlatforms) = preSolution
		Debug|Any CPU = Debug|Any CPU
		Release|Any CPU = Release|Any CPU
	EndGlobalSection
	GlobalSection(ProjectConfigurationPlatforms) = postSolution
		{F014603F-566C-4B54-BB55-5366C6CDEEC6}.Debug|Any CPU.ActiveCfg = Debug|Any CPU
		{F014603F-566C-4B54-BB55-5366C6CDEEC6}.Debug|Any CPU.Build.0 = Debug|Any CPU
		{F014603F-566C-4B54-BB55-5366C6CDEEC6}.Release|Any CPU.ActiveCfg = Release|Any CPU
		{F014603F-566C-4B54-BB55-5366C6CDEEC6}.Release|Any CPU.Build.0 = Release|Any CPU
	EndGlobalSection
	GlobalSection(SolutionProperties) = preSolution
		HideSolutionNode = FALSE
	EndGlobalSection
	GlobalSection(ExtensibilityGlobals) = postSolution
		SolutionGuid = {611D21B6-4FC5-4BC5-A4DF-574CF99276E8}
	EndGlobalSection
EndGlobal
